
Microsoft Visual Studio Solution File, Format Version 12.00
# Visual Studio Version 17
VisualStudioVersion = 17.0.31912.275
MinimumVisualStudioVersion = 10.0.40219.1
Project("{9A19103F-16F7-4668-BE54-9A1E7A4F7556}") = "FoodRescue-Projekt", "FoodRescue-Projekt\FoodRescue-Projekt.csproj", "{4DF1D466-F2CF-40CB-8398-3A7FD886CC60}"
EndProject
Project("{9A19103F-16F7-4668-BE54-9A1E7A4F7556}") = "DataLayer", "DataLayer\DataLayer.csproj", "{71A4CBF9-1E0B-4758-A637-016E38E55AC3}"
EndProject
Project("{9A19103F-16F7-4668-BE54-9A1E7A4F7556}") = "BackendTests", "BackendTests\BackendTests.csproj", "{8734C628-E95E-4DB0-B883-4E194F7E7C7D}"
EndProject
Project("{2150E333-8FDC-42A3-9474-1A3956D46DE8}") = "Projekt-Rapporter", "Projekt-Rapporter", "{9A9F66BD-587A-41F2-8D0B-BCF8730093D9}"
	ProjectSection(SolutionItems) = preProject
		HannaHansson.md = HannaHansson.md
		ShenolOsman.md = ShenolOsman.md
	EndProjectSection
EndProject
Global
	GlobalSection(SolutionConfigurationPlatforms) = preSolution
		Debug|Any CPU = Debug|Any CPU
		Release|Any CPU = Release|Any CPU
	EndGlobalSection
	GlobalSection(ProjectConfigurationPlatforms) = postSolution
		{4DF1D466-F2CF-40CB-8398-3A7FD886CC60}.Debug|Any CPU.ActiveCfg = Debug|Any CPU
		{4DF1D466-F2CF-40CB-8398-3A7FD886CC60}.Debug|Any CPU.Build.0 = Debug|Any CPU
		{4DF1D466-F2CF-40CB-8398-3A7FD886CC60}.Release|Any CPU.ActiveCfg = Release|Any CPU
		{4DF1D466-F2CF-40CB-8398-3A7FD886CC60}.Release|Any CPU.Build.0 = Release|Any CPU
		{71A4CBF9-1E0B-4758-A637-016E38E55AC3}.Debug|Any CPU.ActiveCfg = Debug|Any CPU
		{71A4CBF9-1E0B-4758-A637-016E38E55AC3}.Debug|Any CPU.Build.0 = Debug|Any CPU
		{71A4CBF9-1E0B-4758-A637-016E38E55AC3}.Release|Any CPU.ActiveCfg = Release|Any CPU
		{71A4CBF9-1E0B-4758-A637-016E38E55AC3}.Release|Any CPU.Build.0 = Release|Any CPU
		{8734C628-E95E-4DB0-B883-4E194F7E7C7D}.Debug|Any CPU.ActiveCfg = Debug|Any CPU
		{8734C628-E95E-4DB0-B883-4E194F7E7C7D}.Debug|Any CPU.Build.0 = Debug|Any CPU
		{8734C628-E95E-4DB0-B883-4E194F7E7C7D}.Release|Any CPU.ActiveCfg = Release|Any CPU
		{8734C628-E95E-4DB0-B883-4E194F7E7C7D}.Release|Any CPU.Build.0 = Release|Any CPU
	EndGlobalSection
	GlobalSection(SolutionProperties) = preSolution
		HideSolutionNode = FALSE
	EndGlobalSection
	GlobalSection(ExtensibilityGlobals) = postSolution
		SolutionGuid = {65DB6741-5DC7-44F8-AD1A-69082773C1F0}
	EndGlobalSection
EndGlobal
